
Microsoft Visual Studio Solution File, Format Version 9.00
# Visual Studio 2005
Project("{8BC9CEB8-8B4A-11D0-8D11-00A0C91BC942}") = "png2gift", "png2gift\png2gift.vcproj", "{7FE5FFA2-C7BA-420C-81FF-25260BE38FD8}"
EndProject
Global
	GlobalSection(SolutionConfigurationPlatforms) = preSolution
		Debug|Win32 = Debug|Win32
		Release|Win32 = Release|Win32
	EndGlobalSection
	GlobalSection(ProjectConfigurationPlatforms) = postSolution
		{7FE5FFA2-C7BA-420C-81FF-25260BE38FD8}.Debug|Win32.ActiveCfg = Debug|Win32
		{7FE5FFA2-C7BA-420C-81FF-25260BE38FD8}.Debug|Win32.Build.0 = Debug|Win32
		{7FE5FFA2-C7BA-420C-81FF-25260BE38FD8}.Release|Win32.ActiveCfg = Release|Win32
		{7FE5FFA2-C7BA-420C-81FF-25260BE38FD8}.Release|Win32.Build.0 = Release|Win32
	EndGlobalSection
	GlobalSection(SolutionProperties) = preSolution
		HideSolutionNode = FALSE
	EndGlobalSection
EndGlobal
